
Microsoft Visual Studio Solution File, Format Version 12.00
# Visual Studio Version 17
VisualStudioVersion = 17.7.34221.43
MinimumVisualStudioVersion = 10.0.40219.1
Project("{2150E333-8FDC-42A3-9474-1A3956D46DE8}") = "src", "src", "{9A8BCEC6-A372-4FF9-8165-1295CCA2E4CC}"
EndProject
Project("{2150E333-8FDC-42A3-9474-1A3956D46DE8}") = "Core", "Core", "{DA0DBC46-2F8A-4D8A-9C61-AD6D7FF46D2C}"
EndProject
Project("{FAE04EC0-301F-11D3-BF4B-00C04F79EFBC}") = "ProductApp.Domain", "src\Core\ProductApp.Domain\ProductApp.Domain.csproj", "{04E02C1F-8872-4126-B505-BDC3C2049C61}"
EndProject
Project("{FAE04EC0-301F-11D3-BF4B-00C04F79EFBC}") = "ProductApp.Application", "src\Core\ProductApp.Application\ProductApp.Application.csproj", "{862FBB43-72CE-41B8-B08A-AC2DDB2FD99A}"
EndProject
Global
	GlobalSection(SolutionConfigurationPlatforms) = preSolution
		Debug|Any CPU = Debug|Any CPU
		Release|Any CPU = Release|Any CPU
	EndGlobalSection
	GlobalSection(ProjectConfigurationPlatforms) = postSolution
		{04E02C1F-8872-4126-B505-BDC3C2049C61}.Debug|Any CPU.ActiveCfg = Debug|Any CPU
		{04E02C1F-8872-4126-B505-BDC3C2049C61}.Debug|Any CPU.Build.0 = Debug|Any CPU
		{04E02C1F-8872-4126-B505-BDC3C2049C61}.Release|Any CPU.ActiveCfg = Release|Any CPU
		{04E02C1F-8872-4126-B505-BDC3C2049C61}.Release|Any CPU.Build.0 = Release|Any CPU
		{862FBB43-72CE-41B8-B08A-AC2DDB2FD99A}.Debug|Any CPU.ActiveCfg = Debug|Any CPU
		{862FBB43-72CE-41B8-B08A-AC2DDB2FD99A}.Debug|Any CPU.Build.0 = Debug|Any CPU
		{862FBB43-72CE-41B8-B08A-AC2DDB2FD99A}.Release|Any CPU.ActiveCfg = Release|Any CPU
		{862FBB43-72CE-41B8-B08A-AC2DDB2FD99A}.Release|Any CPU.Build.0 = Release|Any CPU
	EndGlobalSection
	GlobalSection(SolutionProperties) = preSolution
		HideSolutionNode = FALSE
	EndGlobalSection
	GlobalSection(NestedProjects) = preSolution
		{DA0DBC46-2F8A-4D8A-9C61-AD6D7FF46D2C} = {9A8BCEC6-A372-4FF9-8165-1295CCA2E4CC}
		{04E02C1F-8872-4126-B505-BDC3C2049C61} = {DA0DBC46-2F8A-4D8A-9C61-AD6D7FF46D2C}
		{862FBB43-72CE-41B8-B08A-AC2DDB2FD99A} = {DA0DBC46-2F8A-4D8A-9C61-AD6D7FF46D2C}
	EndGlobalSection
	GlobalSection(ExtensibilityGlobals) = postSolution
		SolutionGuid = {5196F5F0-408C-41D0-AD1D-F194DC293E29}
	EndGlobalSection
EndGlobal
